{
  "name": "typeScript",
  "lockfileVersion": 3,
  "requires": true,
  "packages": {
    "": {
      "dependencies": {
        "compiler": "^0.1.2",
        "typescript": "^5.3.3"
      }
    },
    "node_modules/compiler": {
      "version": "0.1.2",
      "resolved": "https://registry.npmjs.org/compiler/-/compiler-0.1.2.tgz",
      "integrity": "sha512-Ztsq1FV9ggQQFCekdo+DuRra/t4i+CfmXIbtKfRJl0JwqJDzGRJ6XVdYcA+3O63wEeFGgVnwMkmoxa18G/ic2A==",
      "dependencies": {
        "node-file": "*"
      },
      "engines": {
        "node": "*"
      }
    },
    "node_modules/node-file": {
      "version": "0.1.1",
      "resolved": "https://registry.npmjs.org/node-file/-/node-file-0.1.1.tgz",
      "integrity": "sha512-8CFAtzSihkAhyRUEeGPCS/5c4WYuxNmwqXRnFTAV8r3jAiw6RqXgTeYXfnLGu/PvGIVKeEyxLFW0ASD/y9DMkw==",
      "engines": {
        "node": "*"
      }
    },
    "node_modules/typescript": {
      "version": "5.3.3",
      "resolved": "https://registry.npmjs.org/typescript/-/typescript-5.3.3.tgz",
      "integrity": "sha512-pXWcraxM0uxAS+tN0AG/BF2TyqmHO014Z070UsJ+pFvYuRSq8KH8DmWpnbXe0pEPDHXZV3FcAbJkijJ5oNEnWw==",
      "bin": {
        "tsc": "bin/tsc",
        "tsserver": "bin/tsserver"
      },
      "engines": {
        "node": ">=14.17"
      }
    }
  }
}
